gl.infra.medigy.com/medigy-presentation-content/news/revenue-health-curations.git v0.0.0-20210129041411-f48c8c4d4e74 h1:wy+NAZe86VSCnwTmywXNU/ZnZCRsEjrfFBih7TjpdZc=
gl.infra.medigy.com/medigy-presentation-content/news/revenue-health-curations.git v0.0.0-20210129041411-f48c8c4d4e74/go.mod h1:ydtI8+bLgFAL1Tck9i83AZ4n381qdAxEYOi1DdFC76s=
