gl.infra.medigy.com/medigy-presentation-content/news/revenue-health-curations.git v0.0.0-20210121094525-d74f85bd0584 h1:Dz8WIknbNwI2a+++POEOFeYEPNbv72PyY/frWgXilFo=
gl.infra.medigy.com/medigy-presentation-content/news/revenue-health-curations.git v0.0.0-20210121094525-d74f85bd0584/go.mod h1:ydtI8+bLgFAL1Tck9i83AZ4n381qdAxEYOi1DdFC76s=
