github.com/Machiel/slugify v1.0.1 h1:EfWSlRWstMadsgzmiV7d0yVd2IFlagWH68Q+DcYCm4E=
github.com/Machiel/slugify v1.0.1/go.mod h1:fTFGn5uWEynW4CUMG7sWkYXOf1UgDxyTM3DbR6Qfg3k=
github.com/araddon/dateparse v0.0.0-20190510211750-d2ba70357e92 h1:29yos9+rhKruIXuhBeY/jCvz0jZ/JndeIL/K6SFS90M=
github.com/araddon/dateparse v0.0.0-20190510211750-d2ba70357e92/go.mod h1:SLqhdZcd+dF3TEVL2RMoob5bBP5R1P1qkox+HtCBgGI=
github.com/davecgh/go-spew v1.1.0/go.mod h1:J7Y8YcW2NihsgmVo/mv3lAwl/skON4iLHjSsI+c5H38=
github.com/davecgh/go-spew v1.1.1 h1:vj9j/u1bqnvCEfJOwUhtlOARqs3+rkHYY13jYWTU97c=
github.com/davecgh/go-spew v1.1.1/go.mod h1:J7Y8YcW2NihsgmVo/mv3lAwl/skON4iLHjSsI+c5H38=
github.com/docopt/docopt-go v0.0.0-20180111231733-ee0de3bc6815/go.mod h1:WwZ+bS3ebgob9U8Nd0kOddGdZWjyMGR8Wziv+TBNwSE=
github.com/fatih/color v1.7.0 h1:DkWD4oS2D8LGGgTQ6IvwJJXSL5Vp2ffcQg58nFV38Ys=
github.com/fatih/color v1.7.0/go.mod h1:Zm6kSWBoL9eyXnKyktHP6abPY2pDugNf5KwzbycvMj4=
github.com/h2non/filetype v1.0.8 h1:le8gpf+FQA0/DlDABbtisA1KiTS0Xi+YSC/E8yY3Y14=
github.com/h2non/filetype v1.0.8/go.mod h1:isekKqOuhMj+s/7r3rIeTErIRy4Rub5uBWHfvMusLMU=
github.com/kr/pretty v0.1.0 h1:L/CwN0zerZDmRFUapSPitk6f+Q3+0za1rQkzVuMiMFI=
github.com/kr/pretty v0.1.0/go.mod h1:dAy3ld7l9f0ibDNOQOHHMYYIIbhfbHSm3C4ZsoJORNo=
github.com/kr/pty v1.1.1/go.mod h1:pFQYn66WHrOpPYNljwOMqo10TkYh1fy3cYio2l3bCsQ=
github.com/kr/pty v1.1.4/go.mod h1:pFQYn66WHrOpPYNljwOMqo10TkYh1fy3cYio2l3bCsQ=
github.com/kr/text v0.1.0 h1:45sCR5RtlFHMR4UwH9sdQ5TC8v0qDQCHnXt+kaKSTVE=
github.com/kr/text v0.1.0/go.mod h1:4Jbv+DJW3UT/LiOwJeYQe1efqtUx/iVham/4vfdArNI=
github.com/lectio/dropmark v0.0.0-20190519023059-5c80931b795a h1:jVaypYcWJ1tB+N4aWpf8Vq8z+1P66Fw2CjBTwUU/Ap4=
github.com/lectio/dropmark v0.0.0-20190519023059-5c80931b795a/go.mod h1:2VjZMqhpmGyuJ4u/0ZgwfWpGYtpzigORFtNrV48QqBU=
github.com/lectio/dropmark v0.0.0-20190522230947-26cb02ca9152 h1:ZFQnF3TRexd3Fn5RUJQXPAyaAgkCKLEA0Z2qf2P+5kc=
github.com/lectio/dropmark v0.0.0-20190522230947-26cb02ca9152/go.mod h1:GVkT0HgsDjZwKl/wwy7pppiTr13Hm6iWhHhPmHbxh+c=
github.com/lectio/link v0.0.0-20190517214034-5bc948726486/go.mod h1:jISV1wyq3Qw2K4AgLm86pVVr0o1qKcYi1ktK38Ij/EI=
github.com/lectio/link v0.0.0-20190519022856-f1562762c35a h1:qO802zPTVr8Zgnb8qn5yZ52HF09VBCumU9cC5MuZPHE=
github.com/lectio/link v0.0.0-20190519022856-f1562762c35a/go.mod h1:++RE2Dgy7RF08/1RQzS2rCWQz2of9hEiTLfnvy7XNwk=
github.com/lectio/markdown v0.0.0-20190521141033-e469175595b8 h1:cjPNiLzmhcDKm10gOqrE2mGYzo1oMf4u4Fk5Am9U/Es=
github.com/lectio/markdown v0.0.0-20190521141033-e469175595b8/go.mod h1:OZWTPBQL2NTnhRbSbdSu3uIMOyY9JDPdlVJ/OSTArto=
github.com/lectio/progress v0.0.0-20190522230813-ede35c389695/go.mod h1:FnrRkhq8FeQPYAfakaYJjjHCEGnfEmblEkLl/trv98s=
github.com/lectio/progress v0.0.0-20190522232809-f0a219a98ea5 h1:PIhMC5auXJpp2E24WnZp9Uv8QHJgmzhsIsqIKtWgCTk=
github.com/lectio/progress v0.0.0-20190522232809-f0a219a98ea5/go.mod h1:FnrRkhq8FeQPYAfakaYJjjHCEGnfEmblEkLl/trv98s=
github.com/lectio/properties v0.0.0-20190521140923-2ce6b5dc77ff h1:wrOYTYhD/3wDpZ+BulL2d1JmZwReKXkYuNqTfnBNb4c=
github.com/lectio/properties v0.0.0-20190521140923-2ce6b5dc77ff/go.mod h1:AkQXvaSCSejnOBoEceee1hT0NL5k+4rzU2Cf0UYIoeg=
github.com/lectio/publish v0.0.0-20190521155142-88014d1eb71f h1:0UoLnxHA3taSqXjYTnQRHhUc1Dyw/5HaFxh5mFm+yno=
github.com/lectio/publish v0.0.0-20190521155142-88014d1eb71f/go.mod h1:IzqiNyy3j6fYDqZLgvwQ2+hyOm9Pjn6D8njmPSn7ups=
github.com/lectio/publish v0.0.0-20190522023126-7a6fc8bd2afd h1:/SD8k+x+0FoA5RCkB0huf8+ALTxcXwUYrSPGuQQ5J2c=
github.com/lectio/publish v0.0.0-20190522023126-7a6fc8bd2afd/go.mod h1:IzqiNyy3j6fYDqZLgvwQ2+hyOm9Pjn6D8njmPSn7ups=
github.com/lectio/publish v0.0.0-20190522234741-80587a488c1e h1:wO712BYU2ECAvRxj1xZc1+OwADPA5k3MDLVHERWjyQU=
github.com/lectio/publish v0.0.0-20190522234741-80587a488c1e/go.mod h1:rBhID+RmqJeRuJG1HC2jvkWKlFkJ0iumuJAPjtsqdKk=
github.com/lectio/resource v0.0.0-20190517204755-9aeb4e95c938/go.mod h1:c82gS6EeErp1IHBu34CjHhU6aolbK890RMh6m64iICE=
github.com/lectio/resource v0.0.0-20190519022640-f60af9ad6c81/go.mod h1:EoEtIXX2xInL5Lz1P2cPiypELT0MYRRsTAeQ2hCR/NY=
github.com/lectio/resource v0.0.0-20190520235426-9f95474d1b29 h1:FfFWbqyBZ8F7OXoW4P0eH3x3cIyS5c5YIMqFDTE7UJU=
github.com/lectio/resource v0.0.0-20190520235426-9f95474d1b29/go.mod h1:Z+ZSWvraM1mFWMwY9tzCj+/ydeKwUFNrB5RNe7oDDhU=
github.com/lectio/resource v0.0.0-20190524200617-96910fee2dab h1:DXYDjbBDR3gszOjgxDaeUdcbNKxtc/6pCYjHTMiZGK0=
github.com/lectio/resource v0.0.0-20190524200617-96910fee2dab/go.mod h1:Z+ZSWvraM1mFWMwY9tzCj+/ydeKwUFNrB5RNe7oDDhU=
github.com/lectio/score v0.0.0-20190514191559-a6158be8f1eb h1:TUJ9Ubr9xAj2p+m69R59O6E7qvZOzXE2M3j4IBNh2Co=
github.com/lectio/score v0.0.0-20190514191559-a6158be8f1eb/go.mod h1:qBOo9jDPABUWQSbDNQOyCaah+WdZ2NYL3bUrmxxy8ZE=
github.com/lectio/secret v0.0.0-20190429145409-ad908f31d07d h1:XxcZkJEafCCl7Zu0hWxK+AUuuPrnz8Y6m8qWMCwqOXo=
github.com/lectio/secret v0.0.0-20190429145409-ad908f31d07d/go.mod h1:9CH2edS1Hp/IDWh8VGUWFRFbRde4gsqxINKPV4e5F+8=
github.com/lectio/text v0.0.0-20190515234148-8228ca3bb319 h1:ikWB9NAV6/8Z58HK1SK18CcBCyrcOo/SUJgafKIzv+k=
github.com/lectio/text v0.0.0-20190515234148-8228ca3bb319/go.mod h1:siNUKh+YQ0ZqUXi/8s2ccP28zh+N3AvxMDYXcgzbWzY=
github.com/mattn/go-colorable v0.1.1 h1:G1f5SKeVxmagw/IyvzvtZE4Gybcc4Tr1tf7I8z0XgOg=
github.com/mattn/go-colorable v0.1.1/go.mod h1:FuOcm+DKB9mbwrcAfNl7/TZVBZ6rcnceauSikq3lYCQ=
github.com/mattn/go-colorable v0.1.2/go.mod h1:U0ppj6V5qS13XJ6of8GYAs25YV2eR4EVcfRqFIhoBtE=
github.com/mattn/go-isatty v0.0.5/go.mod h1:Iq45c/XA43vh69/j3iqttzPXn0bhXyGjM0Hdxcsrc5s=
github.com/mattn/go-isatty v0.0.7 h1:UvyT9uN+3r7yLEYSlJsbQGdsaB/a0DlgWP3pql6iwOc=
github.com/mattn/go-isatty v0.0.7/go.mod h1:Iq45c/XA43vh69/j3iqttzPXn0bhXyGjM0Hdxcsrc5s=
github.com/mattn/go-isatty v0.0.8/go.mod h1:Iq45c/XA43vh69/j3iqttzPXn0bhXyGjM0Hdxcsrc5s=
github.com/mattn/go-runewidth v0.0.4 h1:2BvfKmzob6Bmd4YsL0zygOqfdFnK7GR4QL06Do4/p7Y=
github.com/mattn/go-runewidth v0.0.4/go.mod h1:LwmH8dsx7+W8Uxz3IHJYH5QSwggIsqBzpuz5H//U1FU=
github.com/pmezard/go-difflib v1.0.0 h1:4DBwDE0NGyQoBHbLQYPwSUPoCMWR5BEzIk/f1lZbAQM=
github.com/pmezard/go-difflib v1.0.0/go.mod h1:iKH77koFhYxTK1pcRnkKkqfTogsbg7gZNVY4sRDYZ/4=
github.com/spf13/afero v1.2.2 h1:5jhuqJyZCZf2JRofRvN/nIFgIWNzPa3/Vz8mYylgbWc=
github.com/spf13/afero v1.2.2/go.mod h1:9ZxEEn6pIJ8Rxe320qSDBk6AsU0r9pR7Q4OcevTdifk=
github.com/stretchr/objx v0.1.0/go.mod h1:HFkY916IF+rwdDfMAkV7OtwuqBVzrE8GR6GFx+wExME=
github.com/stretchr/objx v0.2.0/go.mod h1:qt09Ya8vawLte6SNmTgCsAVtYtaKzEcn8ATUoHMkEqE=
github.com/stretchr/testify v1.3.0 h1:TivCn/peBQ7UY8ooIcPgZFpTNSz0Q2U6UrFlUfqbe0Q=
github.com/stretchr/testify v1.3.0/go.mod h1:M5WIy9Dh21IEIfnGCwXGc5bZfKNJtfHm1UVUgZn+9EI=
golang.org/x/crypto v0.0.0-20190308221718-c2843e01d9a2/go.mod h1:djNgcEr1/C05ACkg1iLfiJU5Ep61QUkGW8qpdssI0+w=
golang.org/x/crypto v0.0.0-20190513172903-22d7a77e9e5f/go.mod h1:yigFU9vqHzYiE8UmvKecakEJjdnWj3jj499lnFckfCI=
golang.org/x/net v0.0.0-20190311183353-d8887717615a/go.mod h1:t9HGtf8HONx5eT2rtn7q6eTqICYqUVnKs3thJo3Qplg=
golang.org/x/net v0.0.0-20190404232315-eb5bcb51f2a3/go.mod h1:t9HGtf8HONx5eT2rtn7q6eTqICYqUVnKs3thJo3Qplg=
golang.org/x/net v0.0.0-20190503192946-f4e77d36d62c h1:uOCk1iQW6Vc18bnC13MfzScl+wdKBmM9Y9kU7Z83/lw=
golang.org/x/net v0.0.0-20190503192946-f4e77d36d62c/go.mod h1:t9HGtf8HONx5eT2rtn7q6eTqICYqUVnKs3thJo3Qplg=
golang.org/x/net v0.0.0-20190514140710-3ec191127204 h1:4yG6GqBtw9C+UrLp6s2wtSniayy/Vd/3F7ffLE427XI=
golang.org/x/net v0.0.0-20190514140710-3ec191127204/go.mod h1:t9HGtf8HONx5eT2rtn7q6eTqICYqUVnKs3thJo3Qplg=
golang.org/x/net v0.0.0-20190520210107-018c4d40a106 h1:EZofHp/BzEf3j39/+7CX1JvH0WaPG+ikBrqAdAPf+GM=
golang.org/x/net v0.0.0-20190520210107-018c4d40a106/go.mod h1:t9HGtf8HONx5eT2rtn7q6eTqICYqUVnKs3thJo3Qplg=
golang.org/x/net v0.0.0-20190522155817-f3200d17e092 h1:4QSRKanuywn15aTZvI/mIDEgPQpswuFndXpOj3rKEco=
golang.org/x/net v0.0.0-20190522155817-f3200d17e092/go.mod h1:HSz+uSET+XFnRR8LxR5pz3Of3rY3CfYBVs4xY44aLks=
golang.org/x/sync v0.0.0-20190423024810-112230192c58/go.mod h1:RxMgew5VJxzue5/jJTE5uejpjVlOe/izrB70Jof72aM=
golang.org/x/sys v0.0.0-20190215142949-d0b11bdaac8a/go.mod h1:STP8DvDyc/dI5b8T5hshtkjS+E42TnysNCUPdjciGhY=
golang.org/x/sys v0.0.0-20190222072716-a9d3bda3a223/go.mod h1:STP8DvDyc/dI5b8T5hshtkjS+E42TnysNCUPdjciGhY=
golang.org/x/sys v0.0.0-20190412213103-97732733099d/go.mod h1:h1NjWce9XRLGQEsW7wpKNCjG9DtNlClVuFLEZdDNbEs=
golang.org/x/sys v0.0.0-20190516110030-61b9204099cb/go.mod h1:h1NjWce9XRLGQEsW7wpKNCjG9DtNlClVuFLEZdDNbEs=
golang.org/x/sys v0.0.0-20190520201301-c432e742b0af h1:NXfmMfXz6JqGfG3ikSxcz2N93j6DgScr19Oo2uwFu88=
golang.org/x/sys v0.0.0-20190520201301-c432e742b0af/go.mod h1:h1NjWce9XRLGQEsW7wpKNCjG9DtNlClVuFLEZdDNbEs=
golang.org/x/sys v0.0.0-20190522044717-8097e1b27ff5 h1:f005F/Jl5JLP036x7QIvUVhNTqxvSYwFIiyOh2q12iU=
golang.org/x/sys v0.0.0-20190522044717-8097e1b27ff5/go.mod h1:h1NjWce9XRLGQEsW7wpKNCjG9DtNlClVuFLEZdDNbEs=
golang.org/x/sys v0.0.0-20190524152521-dbbf3f1254d4 h1:VSJ45BzqrVgR4clSx415y1rHH7QAGhGt71J0ZmhLYrc=
golang.org/x/sys v0.0.0-20190524152521-dbbf3f1254d4/go.mod h1:h1NjWce9XRLGQEsW7wpKNCjG9DtNlClVuFLEZdDNbEs=
golang.org/x/text v0.3.0/go.mod h1:NqM8EUOU14njkJ3fqMW+pc6Ldnwhi/IjpwHt7yyuwOQ=
golang.org/x/text v0.3.2 h1:tW2bmiBqwgJj/UpqtC8EpXEZVYOwU0yG4iWbprSVAcs=
golang.org/x/text v0.3.2/go.mod h1:bEr9sfX3Q8Zfm5fL9x+3itogRgK3+ptLWKqgva+5dAk=
golang.org/x/tools v0.0.0-20180917221912-90fa682c2a6e/go.mod h1:n7NCudcB/nEzxVGmLbDWY5pfWTLqBcC2KZ6jyYvM4mQ=
golang.org/x/tools v0.0.0-20190517183331-d88f79806bbd/go.mod h1:RgjU9mgBXZiqYHBnxXauZ1Gv1EHHAz9KjViQ78xBX0Q=
golang.org/x/tools v0.0.0-20190520220859-26647e34d3c0/go.mod h1:RgjU9mgBXZiqYHBnxXauZ1Gv1EHHAz9KjViQ78xBX0Q=
golang.org/x/tools v0.0.0-20190521203540-521d6ed310dd/go.mod h1:RgjU9mgBXZiqYHBnxXauZ1Gv1EHHAz9KjViQ78xBX0Q=
golang.org/x/tools v0.0.0-20190524184802-d487f80763e2/go.mod h1:RgjU9mgBXZiqYHBnxXauZ1Gv1EHHAz9KjViQ78xBX0Q=
golang.org/x/xerrors v0.0.0-20190513163551-3ee3066db522 h1:bhOzK9QyoD0ogCnFro1m2mz41+Ib0oOhfJnBp5MR4K4=
golang.org/x/xerrors v0.0.0-20190513163551-3ee3066db522/go.mod h1:I/5z698sn9Ka8TeJc9MKroUUfqBBauWjQqLJ2OPfmY0=
gopkg.in/check.v1 v0.0.0-20161208181325-20d25e280405/go.mod h1:Co6ibVJAznAaIkqp8huTwlJQCZ016jof/cbN4VW5Yz0=
gopkg.in/check.v1 v1.0.0-20180628173108-788fd7840127 h1:qIbj1fsPNlZgppZ+VLlY7N33q108Sa+fhmuc+sWQYwY=
gopkg.in/check.v1 v1.0.0-20180628173108-788fd7840127/go.mod h1:Co6ibVJAznAaIkqp8huTwlJQCZ016jof/cbN4VW5Yz0=
gopkg.in/cheggaaa/pb.v1 v1.0.28 h1:n1tBJnnK2r7g9OW2btFH91V92STTUevLXYFb8gy9EMk=
gopkg.in/cheggaaa/pb.v1 v1.0.28/go.mod h1:V/YB90LKu/1FcN3WVnfiiE5oMCibMjukxqG/qStrOgw=
gopkg.in/yaml.v2 v2.2.2 h1:ZCJp+EgiOT7lHqUV2J862kp8Qj64Jo6az82+3Td9dZw=
gopkg.in/yaml.v2 v2.2.2/go.mod h1:hI93XBmqTisBFMUTm0b8Fm+jr3Dg1NNxqwp+5A1VGuI=
